<?xml version="1.0" encoding="utf-8"?>
<Project ToolsVersion="4.0" xmlns="http://schemas.microsoft.com/developer/msbuild/2003">
  <ItemGroup>
    <Filter Include="res">
      <UniqueIdentifier>{799cda1d-a6d8-433b-8b79-015717d0145f}</UniqueIdentifier>
    </Filter>
    <Filter Include="src">
      <UniqueIdentifier>{f16f27c0-df48-46a7-a432-068391595f87}</UniqueIdentifier>
    </Filter>
    <Filter Include="res\shaders">
      <UniqueIdentifier>{8b7d9cc7-2ad6-497a-a302-89f877fccf4c}</UniqueIdentifier>
    </Filter>
    <Filter Include="res\textures">
      <UniqueIdentifier>{e94a098c-9fbb-4bea-9384-6a298247e9c2}</UniqueIdentifier>
    </Filter>
  </ItemGroup>
  <ItemGroup>
    <Image Include="Data\images\image3.jpg">
      <Filter>res\textures</Filter>
    </Image>
    <Image Include="res\textures\Crate.jpg">
      <Filter>res\textures</Filter>
    </Image>
    <Image Include="res\textures\cowboy.jpg">
      <Filter>res\textures</Filter>
    </Image>
    <Image Include="res\textures\container2.png">
      <Filter>res\textures</Filter>
    </Image>
    <Image Include="res\textures\container2_specular.png">
      <Filter>res\textures</Filter>
    </Image>
  </ItemGroup>
  <ItemGroup>
    <ClCompile Include="src\MyFirstOpenGL.cpp">
      <Filter>src</Filter>
    </ClCompile>
  </ItemGroup>
  <ItemGroup>
    <ClInclude Include="src\Shader.h">
      <Filter>src</Filter>
    </ClInclude>
    <ClInclude Include="src\Camera.h">
      <Filter>src</Filter>
    </ClInclude>
    <ClInclude Include="src\Texture.h">
      <Filter>src</Filter>
    </ClInclude>
    <ClInclude Include="src\Mesh.h">
      <Filter>src</Filter>
    </ClInclude>
    <ClInclude Include="src\Model.h">
      <Filter>src</Filter>
    </ClInclude>
  </ItemGroup>
  <ItemGroup>
    <None Include="res\shaders\lighting.frag">
      <Filter>res\shaders</Filter>
    </None>
    <None Include="res\shaders\lamp.frag">
      <Filter>res\shaders</Filter>
    </None>
    <None Include="res\shaders\lamp.vert">
      <Filter>res\shaders</Filter>
    </None>
    <None Include="res\shaders\lighting.vert">
      <Filter>res\shaders</Filter>
    </None>
    <None Include="res\shaders\skybox.vert">
      <Filter>res\shaders</Filter>
    </None>
    <None Include="res\shaders\skybox.frag">
      <Filter>res\shaders</Filter>
    </None>
    <None Include="res\shaders\cube.vert">
      <Filter>res\shaders</Filter>
    </None>
    <None Include="res\shaders\cube.frag">
      <Filter>res\shaders</Filter>
    </None>
  </ItemGroup>
</Project>